
Microsoft Visual Studio Solution File, Format Version 12.00
# Visual Studio Version 17
VisualStudioVersion = 17.0.31919.166
MinimumVisualStudioVersion = 10.0.40219.1
Project("{FAE04EC0-301F-11D3-BF4B-00C04F79EFBC}") = "calculadora", "calculadora\calculadora.csproj", "{2C1E8080-F99C-446A-B78A-6E50EBAC5BAD}"
EndProject
Global
	GlobalSection(SolutionConfigurationPlatforms) = preSolution
		Debug|Any CPU = Debug|Any CPU
		Release|Any CPU = Release|Any CPU
	EndGlobalSection
	GlobalSection(ProjectConfigurationPlatforms) = postSolution
		{2C1E8080-F99C-446A-B78A-6E50EBAC5BAD}.Debug|Any CPU.ActiveCfg = Debug|Any CPU
		{2C1E8080-F99C-446A-B78A-6E50EBAC5BAD}.Debug|Any CPU.Build.0 = Debug|Any CPU
		{2C1E8080-F99C-446A-B78A-6E50EBAC5BAD}.Release|Any CPU.ActiveCfg = Release|Any CPU
		{2C1E8080-F99C-446A-B78A-6E50EBAC5BAD}.Release|Any CPU.Build.0 = Release|Any CPU
	EndGlobalSection
	GlobalSection(SolutionProperties) = preSolution
		HideSolutionNode = FALSE
	EndGlobalSection
	GlobalSection(ExtensibilityGlobals) = postSolution
		SolutionGuid = {19D58AD7-5ADE-4068-BB41-438A49F6EDF3}
	EndGlobalSection
EndGlobal
